# This file was autogenerated by Stack.
# You should not edit this file by hand.
# For more information, please see the documentation at:
#   https://docs.haskellstack.org/en/stable/lock_files

packages:
- completed:
    hackage: yapb-0.2.4@sha256:21554f5190e3310caf6b638cb643ba6b1f0f0987d34ded24e56ffc91a6dfaabf,4770
    pantry-tree:
      size: 4038
      sha256: 4c157b21baf2c5be49b0cd35a1ad3c3d310c10bd5baa0f8e566ea258e73c3222
  original:
    hackage: yapb-0.2.4
snapshots:
- completed:
    size: 586069
    url: https://raw.githubusercontent.com/commercialhaskell/stackage-snapshots/master/lts/18/14.yaml
    sha256: 87842ecbaa8ca9cee59a7e6be52369dbed82ed075cb4e0d152614a627e8fd488
  original:
    url: https://raw.githubusercontent.com/commercialhaskell/stackage-snapshots/master/lts/18/14.yaml
